
Microsoft Visual Studio Solution File, Format Version 12.00
# Visual Studio 15
Project("{FAE04EC0-301F-11D3-BF4B-00C04F79EFBC}") = "Assembly-CSharp", "Assembly-CSharp.csproj", "{5865EC6F-7D79-C99F-B0D4-0CBF0485F3ED}"
EndProject
Project("{FAE04EC0-301F-11D3-BF4B-00C04F79EFBC}") = "Assembly-CSharp-Editor", "Assembly-CSharp-Editor.csproj", "{BC6B2E60-7185-C37D-82DA-0750AC6F996E}"
EndProject
Global
	GlobalSection(SolutionConfigurationPlatforms) = preSolution
		Debug|Any CPU = Debug|Any CPU
		Release|Any CPU = Release|Any CPU
	EndGlobalSection
	GlobalSection(ProjectConfigurationPlatforms) = postSolution
		{5865EC6F-7D79-C99F-B0D4-0CBF0485F3ED}.Debug|Any CPU.ActiveCfg = Debug|Any CPU
		{5865EC6F-7D79-C99F-B0D4-0CBF0485F3ED}.Debug|Any CPU.Build.0 = Debug|Any CPU
		{5865EC6F-7D79-C99F-B0D4-0CBF0485F3ED}.Release|Any CPU.ActiveCfg = Release|Any CPU
		{5865EC6F-7D79-C99F-B0D4-0CBF0485F3ED}.Release|Any CPU.Build.0 = Release|Any CPU
		{BC6B2E60-7185-C37D-82DA-0750AC6F996E}.Debug|Any CPU.ActiveCfg = Debug|Any CPU
		{BC6B2E60-7185-C37D-82DA-0750AC6F996E}.Debug|Any CPU.Build.0 = Debug|Any CPU
		{BC6B2E60-7185-C37D-82DA-0750AC6F996E}.Release|Any CPU.ActiveCfg = Release|Any CPU
		{BC6B2E60-7185-C37D-82DA-0750AC6F996E}.Release|Any CPU.Build.0 = Release|Any CPU
	EndGlobalSection
	GlobalSection(SolutionProperties) = preSolution
		HideSolutionNode = FALSE
	EndGlobalSection
EndGlobal
